// !$*UTF8*$!
{
	archiveVersion = 1;
	classes = {
	};
	objectVersion = 50;
	objects = {

/* Begin PBXBuildFile section */
		FA0285EE25B1D1FE0082B17D /* CurrentUser.swift in Sources */ = {isa = PBXBuildFile; fileRef = FA0285ED25B1D1FE0082B17D /* CurrentUser.swift */; };
		FA0A1DFC2624844B0061524D /* ImagePicker.swift in Sources */ = {isa = PBXBuildFile; fileRef = FA0A1DFB2624844B0061524D /* ImagePicker.swift */; };
		FA1BB72025DA56A7008F56B9 /* TimeInterval.swift in Sources */ = {isa = PBXBuildFile; fileRef = FA1BB71F25DA56A7008F56B9 /* TimeInterval.swift */; };
		FA26A90225B0290900D2B806 /* NewPostViewController.swift in Sources */ = {isa = PBXBuildFile; fileRef = FA26A90025B0290900D2B806 /* NewPostViewController.swift */; };
		FA26A90625B029B000D2B806 /* NewPostPresenter.swift in Sources */ = {isa = PBXBuildFile; fileRef = FA26A90525B029B000D2B806 /* NewPostPresenter.swift */; };
		FA26A90C25B02C6800D2B806 /* NewPostRouter.swift in Sources */ = {isa = PBXBuildFile; fileRef = FA26A90B25B02C6800D2B806 /* NewPostRouter.swift */; };
		FA26A90F25B0543300D2B806 /* SendPost.swift in Sources */ = {isa = PBXBuildFile; fileRef = FA26A90E25B0543200D2B806 /* SendPost.swift */; };
		FA2B469C25B5706400DC5C1D /* StoreManager.swift in Sources */ = {isa = PBXBuildFile; fileRef = FA2B469B25B5706400DC5C1D /* StoreManager.swift */; };
		FA2B46A325B5BD3200DC5C1D /* LoginViewController.swift in Sources */ = {isa = PBXBuildFile; fileRef = FA2B46A125B5BD3200DC5C1D /* LoginViewController.swift */; };
		FA2B46A825B5BDBE00DC5C1D /* LoginPresenter.swift in Sources */ = {isa = PBXBuildFile; fileRef = FA2B46A725B5BDBE00DC5C1D /* LoginPresenter.swift */; };
		FA2B46AC25B5CE2200DC5C1D /* LoginInteractor.swift in Sources */ = {isa = PBXBuildFile; fileRef = FA2B46AB25B5CE2200DC5C1D /* LoginInteractor.swift */; };
		FA2B46AF25B5D46500DC5C1D /* LoginRouter.swift in Sources */ = {isa = PBXBuildFile; fileRef = FA2B46AE25B5D46500DC5C1D /* LoginRouter.swift */; };
		FA33EDE425AC8A5D00637E3E /* NetworkManager.swift in Sources */ = {isa = PBXBuildFile; fileRef = FA33EDE325AC8A5D00637E3E /* NetworkManager.swift */; };
		FA396F5B25F8EBF9009B79F5 /* CommentsPresenter.swift in Sources */ = {isa = PBXBuildFile; fileRef = FA396F5A25F8EBF9009B79F5 /* CommentsPresenter.swift */; };
		FA396F5F25F8F230009B79F5 /* CommentsViewController.swift in Sources */ = {isa = PBXBuildFile; fileRef = FA396F5D25F8F230009B79F5 /* CommentsViewController.swift */; };
		FA396F6025F8F230009B79F5 /* CommentsViewController.xib in Resources */ = {isa = PBXBuildFile; fileRef = FA396F5E25F8F230009B79F5 /* CommentsViewController.xib */; };
		FA396F6325F8F435009B79F5 /* CommentsInteractor.swift in Sources */ = {isa = PBXBuildFile; fileRef = FA396F6225F8F435009B79F5 /* CommentsInteractor.swift */; };
		FA396F6625F8FACC009B79F5 /* CommentViewModel.swift in Sources */ = {isa = PBXBuildFile; fileRef = FA396F6525F8FACC009B79F5 /* CommentViewModel.swift */; };
		FA396F6925F8FC8E009B79F5 /* CommentsRouter.swift in Sources */ = {isa = PBXBuildFile; fileRef = FA396F6825F8FC8E009B79F5 /* CommentsRouter.swift */; };
		FA396F6E25F8FF5E009B79F5 /* CommentCell.swift in Sources */ = {isa = PBXBuildFile; fileRef = FA396F6C25F8FF5E009B79F5 /* CommentCell.swift */; };
		FA396F6F25F8FF5E009B79F5 /* CommentCell.xib in Resources */ = {isa = PBXBuildFile; fileRef = FA396F6D25F8FF5E009B79F5 /* CommentCell.xib */; };
		FA39E5A525F7B15E00F274FF /* WebImageView.swift in Sources */ = {isa = PBXBuildFile; fileRef = FA39E5A425F7B15E00F274FF /* WebImageView.swift */; };
		FA6385CB264D699B006961D0 /* LentaCell.swift in Sources */ = {isa = PBXBuildFile; fileRef = FA6385CA264D699B006961D0 /* LentaCell.swift */; };
		FA7DD3FD25B6F8F600CB1678 /* RegisterViewController.swift in Sources */ = {isa = PBXBuildFile; fileRef = FA7DD3FB25B6F8F600CB1678 /* RegisterViewController.swift */; };
		FA7DD40225B7006500CB1678 /* RegisterRouter.swift in Sources */ = {isa = PBXBuildFile; fileRef = FA7DD40125B7006500CB1678 /* RegisterRouter.swift */; };
		FA7DD40525B709A400CB1678 /* RegisterPresenter.swift in Sources */ = {isa = PBXBuildFile; fileRef = FA7DD40425B709A400CB1678 /* RegisterPresenter.swift */; };
		FA7DD40825B71F3600CB1678 /* RegisterInteractor.swift in Sources */ = {isa = PBXBuildFile; fileRef = FA7DD40725B71F3600CB1678 /* RegisterInteractor.swift */; };
		FA8A308425FA448C00A02751 /* PostCell.swift in Sources */ = {isa = PBXBuildFile; fileRef = FA8A308225FA448C00A02751 /* PostCell.swift */; };
		FA8A308525FA448C00A02751 /* PostCell.xib in Resources */ = {isa = PBXBuildFile; fileRef = FA8A308325FA448C00A02751 /* PostCell.xib */; };
		FA8DAD4225AC24E600E9D1B7 /* AppDelegate.swift in Sources */ = {isa = PBXBuildFile; fileRef = FA8DAD4125AC24E600E9D1B7 /* AppDelegate.swift */; };
		FA8DAD4B25AC24F000E9D1B7 /* Assets.xcassets in Resources */ = {isa = PBXBuildFile; fileRef = FA8DAD4A25AC24F000E9D1B7 /* Assets.xcassets */; };
		FA8DAD4E25AC24F000E9D1B7 /* LaunchScreen.storyboard in Resources */ = {isa = PBXBuildFile; fileRef = FA8DAD4C25AC24F000E9D1B7 /* LaunchScreen.storyboard */; };
		FA9BFF3B25C17A0D00ACA85F /* ProfileViewController.swift in Sources */ = {isa = PBXBuildFile; fileRef = FA9BFF3925C17A0D00ACA85F /* ProfileViewController.swift */; };
		FA9BFF4025C17F4500ACA85F /* ProfilePresenter.swift in Sources */ = {isa = PBXBuildFile; fileRef = FA9BFF3F25C17F4500ACA85F /* ProfilePresenter.swift */; };
		FA9BFF4325C1825300ACA85F /* ProfileRouter.swift in Sources */ = {isa = PBXBuildFile; fileRef = FA9BFF4225C1825300ACA85F /* ProfileRouter.swift */; };
		FAC2072825AC31F400CD9099 /* LentaViewController.swift in Sources */ = {isa = PBXBuildFile; fileRef = FAC2072625AC31F400CD9099 /* LentaViewController.swift */; };
		FAC2073225AC5FE300CD9099 /* Response.swift in Sources */ = {isa = PBXBuildFile; fileRef = FAC2073125AC5FE300CD9099 /* Response.swift */; };
		FAC2073525AC616900CD9099 /* Assembly.swift in Sources */ = {isa = PBXBuildFile; fileRef = FAC2073425AC616900CD9099 /* Assembly.swift */; };
		FAC2073825AC61A500CD9099 /* LentaPresenter.swift in Sources */ = {isa = PBXBuildFile; fileRef = FAC2073725AC61A500CD9099 /* LentaPresenter.swift */; };
		FAC2073B25AC61B200CD9099 /* LentaInteractor.swift in Sources */ = {isa = PBXBuildFile; fileRef = FAC2073A25AC61B200CD9099 /* LentaInteractor.swift */; };
		FAC2073F25AC689F00CD9099 /* PostViewModel.swift in Sources */ = {isa = PBXBuildFile; fileRef = FAC2073E25AC689F00CD9099 /* PostViewModel.swift */; };
		FAC2074425AC6C6E00CD9099 /* LentaRouter.swift in Sources */ = {isa = PBXBuildFile; fileRef = FAC2074325AC6C6E00CD9099 /* LentaRouter.swift */; };
		FAD65F3F25EF9C2400EEC9B6 /* CurrentUserModel.swift in Sources */ = {isa = PBXBuildFile; fileRef = FAD65F3E25EF9C2400EEC9B6 /* CurrentUserModel.swift */; };
		FAF49F45260CA71C00199779 /* UserInfoViewController.swift in Sources */ = {isa = PBXBuildFile; fileRef = FAF49F44260CA71C00199779 /* UserInfoViewController.swift */; };
/* End PBXBuildFile section */

/* Begin PBXFileReference section */
		FA0285ED25B1D1FE0082B17D /* CurrentUser.swift */ = {isa = PBXFileReference; lastKnownFileType = sourcecode.swift; path = CurrentUser.swift; sourceTree = "<group>"; };
		FA0A1DFB2624844B0061524D /* ImagePicker.swift */ = {isa = PBXFileReference; lastKnownFileType = sourcecode.swift; path = ImagePicker.swift; sourceTree = "<group>"; };
		FA1BB71F25DA56A7008F56B9 /* TimeInterval.swift */ = {isa = PBXFileReference; lastKnownFileType = sourcecode.swift; path = TimeInterval.swift; sourceTree = "<group>"; };
		FA26A90025B0290900D2B806 /* NewPostViewController.swift */ = {isa = PBXFileReference; lastKnownFileType = sourcecode.swift; path = NewPostViewController.swift; sourceTree = "<group>"; };
		FA26A90525B029B000D2B806 /* NewPostPresenter.swift */ = {isa = PBXFileReference; lastKnownFileType = sourcecode.swift; path = NewPostPresenter.swift; sourceTree = "<group>"; };
		FA26A90B25B02C6800D2B806 /* NewPostRouter.swift */ = {isa = PBXFileReference; lastKnownFileType = sourcecode.swift; path = NewPostRouter.swift; sourceTree = "<group>"; };
		FA26A90E25B0543200D2B806 /* SendPost.swift */ = {isa = PBXFileReference; lastKnownFileType = sourcecode.swift; path = SendPost.swift; sourceTree = "<group>"; };
		FA2B469B25B5706400DC5C1D /* StoreManager.swift */ = {isa = PBXFileReference; lastKnownFileType = sourcecode.swift; path = StoreManager.swift; sourceTree = "<group>"; };
		FA2B46A125B5BD3200DC5C1D /* LoginViewController.swift */ = {isa = PBXFileReference; lastKnownFileType = sourcecode.swift; path = LoginViewController.swift; sourceTree = "<group>"; };
		FA2B46A725B5BDBE00DC5C1D /* LoginPresenter.swift */ = {isa = PBXFileReference; lastKnownFileType = sourcecode.swift; path = LoginPresenter.swift; sourceTree = "<group>"; };
		FA2B46AB25B5CE2200DC5C1D /* LoginInteractor.swift */ = {isa = PBXFileReference; lastKnownFileType = sourcecode.swift; path = LoginInteractor.swift; sourceTree = "<group>"; };
		FA2B46AE25B5D46500DC5C1D /* LoginRouter.swift */ = {isa = PBXFileReference; lastKnownFileType = sourcecode.swift; path = LoginRouter.swift; sourceTree = "<group>"; };
		FA33EDE325AC8A5D00637E3E /* NetworkManager.swift */ = {isa = PBXFileReference; lastKnownFileType = sourcecode.swift; path = NetworkManager.swift; sourceTree = "<group>"; };
		FA396F5A25F8EBF9009B79F5 /* CommentsPresenter.swift */ = {isa = PBXFileReference; lastKnownFileType = sourcecode.swift; path = CommentsPresenter.swift; sourceTree = "<group>"; };
		FA396F5D25F8F230009B79F5 /* CommentsViewController.swift */ = {isa = PBXFileReference; lastKnownFileType = sourcecode.swift; path = CommentsViewController.swift; sourceTree = "<group>"; };
		FA396F5E25F8F230009B79F5 /* CommentsViewController.xib */ = {isa = PBXFileReference; lastKnownFileType = file.xib; path = CommentsViewController.xib; sourceTree = "<group>"; };
		FA396F6225F8F435009B79F5 /* CommentsInteractor.swift */ = {isa = PBXFileReference; lastKnownFileType = sourcecode.swift; path = CommentsInteractor.swift; sourceTree = "<group>"; };
		FA396F6525F8FACC009B79F5 /* CommentViewModel.swift */ = {isa = PBXFileReference; lastKnownFileType = sourcecode.swift; path = CommentViewModel.swift; sourceTree = "<group>"; };
		FA396F6825F8FC8E009B79F5 /* CommentsRouter.swift */ = {isa = PBXFileReference; lastKnownFileType = sourcecode.swift; path = CommentsRouter.swift; sourceTree = "<group>"; };
		FA396F6C25F8FF5E009B79F5 /* CommentCell.swift */ = {isa = PBXFileReference; lastKnownFileType = sourcecode.swift; path = CommentCell.swift; sourceTree = "<group>"; };
		FA396F6D25F8FF5E009B79F5 /* CommentCell.xib */ = {isa = PBXFileReference; lastKnownFileType = file.xib; path = CommentCell.xib; sourceTree = "<group>"; };
		FA39E5A425F7B15E00F274FF /* WebImageView.swift */ = {isa = PBXFileReference; lastKnownFileType = sourcecode.swift; path = WebImageView.swift; sourceTree = "<group>"; };
		FA6385CA264D699B006961D0 /* LentaCell.swift */ = {isa = PBXFileReference; lastKnownFileType = sourcecode.swift; path = LentaCell.swift; sourceTree = "<group>"; };
		FA7DD3FB25B6F8F600CB1678 /* RegisterViewController.swift */ = {isa = PBXFileReference; lastKnownFileType = sourcecode.swift; path = RegisterViewController.swift; sourceTree = "<group>"; };
		FA7DD40125B7006500CB1678 /* RegisterRouter.swift */ = {isa = PBXFileReference; lastKnownFileType = sourcecode.swift; path = RegisterRouter.swift; sourceTree = "<group>"; };
		FA7DD40425B709A400CB1678 /* RegisterPresenter.swift */ = {isa = PBXFileReference; lastKnownFileType = sourcecode.swift; path = RegisterPresenter.swift; sourceTree = "<group>"; };
		FA7DD40725B71F3600CB1678 /* RegisterInteractor.swift */ = {isa = PBXFileReference; lastKnownFileType = sourcecode.swift; path = RegisterInteractor.swift; sourceTree = "<group>"; };
		FA8A308225FA448C00A02751 /* PostCell.swift */ = {isa = PBXFileReference; lastKnownFileType = sourcecode.swift; path = PostCell.swift; sourceTree = "<group>"; };
		FA8A308325FA448C00A02751 /* PostCell.xib */ = {isa = PBXFileReference; lastKnownFileType = file.xib; path = PostCell.xib; sourceTree = "<group>"; };
		FA8DAD3E25AC24E600E9D1B7 /* Lenta.app */ = {isa = PBXFileReference; explicitFileType = wrapper.application; includeInIndex = 0; path = Lenta.app; sourceTree = BUILT_PRODUCTS_DIR; };
		FA8DAD4125AC24E600E9D1B7 /* AppDelegate.swift */ = {isa = PBXFileReference; lastKnownFileType = sourcecode.swift; path = AppDelegate.swift; sourceTree = "<group>"; };
		FA8DAD4A25AC24F000E9D1B7 /* Assets.xcassets */ = {isa = PBXFileReference; lastKnownFileType = folder.assetcatalog; path = Assets.xcassets; sourceTree = "<group>"; };
		FA8DAD4D25AC24F000E9D1B7 /* Base */ = {isa = PBXFileReference; lastKnownFileType = file.storyboard; name = Base; path = Base.lproj/LaunchScreen.storyboard; sourceTree = "<group>"; };
		FA8DAD4F25AC24F000E9D1B7 /* Info.plist */ = {isa = PBXFileReference; lastKnownFileType = text.plist.xml; path = Info.plist; sourceTree = "<group>"; };
		FA9BFF3925C17A0D00ACA85F /* ProfileViewController.swift */ = {isa = PBXFileReference; lastKnownFileType = sourcecode.swift; path = ProfileViewController.swift; sourceTree = "<group>"; };
		FA9BFF3F25C17F4500ACA85F /* ProfilePresenter.swift */ = {isa = PBXFileReference; lastKnownFileType = sourcecode.swift; path = ProfilePresenter.swift; sourceTree = "<group>"; };
		FA9BFF4225C1825300ACA85F /* ProfileRouter.swift */ = {isa = PBXFileReference; lastKnownFileType = sourcecode.swift; path = ProfileRouter.swift; sourceTree = "<group>"; };
		FAC2072625AC31F400CD9099 /* LentaViewController.swift */ = {isa = PBXFileReference; lastKnownFileType = sourcecode.swift; path = LentaViewController.swift; sourceTree = "<group>"; };
		FAC2073125AC5FE300CD9099 /* Response.swift */ = {isa = PBXFileReference; lastKnownFileType = sourcecode.swift; path = Response.swift; sourceTree = "<group>"; };
		FAC2073425AC616900CD9099 /* Assembly.swift */ = {isa = PBXFileReference; lastKnownFileType = sourcecode.swift; path = Assembly.swift; sourceTree = "<group>"; };
		FAC2073725AC61A500CD9099 /* LentaPresenter.swift */ = {isa = PBXFileReference; lastKnownFileType = sourcecode.swift; path = LentaPresenter.swift; sourceTree = "<group>"; };
		FAC2073A25AC61B200CD9099 /* LentaInteractor.swift */ = {isa = PBXFileReference; lastKnownFileType = sourcecode.swift; path = LentaInteractor.swift; sourceTree = "<group>"; };
		FAC2073E25AC689F00CD9099 /* PostViewModel.swift */ = {isa = PBXFileReference; lastKnownFileType = sourcecode.swift; path = PostViewModel.swift; sourceTree = "<group>"; };
		FAC2074325AC6C6E00CD9099 /* LentaRouter.swift */ = {isa = PBXFileReference; lastKnownFileType = sourcecode.swift; path = LentaRouter.swift; sourceTree = "<group>"; };
		FAD65F3E25EF9C2400EEC9B6 /* CurrentUserModel.swift */ = {isa = PBXFileReference; lastKnownFileType = sourcecode.swift; path = CurrentUserModel.swift; sourceTree = "<group>"; };
		FAF49F44260CA71C00199779 /* UserInfoViewController.swift */ = {isa = PBXFileReference; lastKnownFileType = sourcecode.swift; path = UserInfoViewController.swift; sourceTree = "<group>"; };
/* End PBXFileReference section */

/* Begin PBXFrameworksBuildPhase section */
		FA8DAD3B25AC24E600E9D1B7 /* Frameworks */ = {
			isa = PBXFrameworksBuildPhase;
			buildActionMask = 2147483647;
			files = (
			);
			runOnlyForDeploymentPostprocessing = 0;
		};
/* End PBXFrameworksBuildPhase section */

/* Begin PBXGroup section */
		FA1BB71E25DA5673008F56B9 /* Extensions */ = {
			isa = PBXGroup;
			children = (
				FA1BB71F25DA56A7008F56B9 /* TimeInterval.swift */,
			);
			path = Extensions;
			sourceTree = "<group>";
		};
		FA26A8FF25B028DA00D2B806 /* NewPost */ = {
			isa = PBXGroup;
			children = (
				FA26A90025B0290900D2B806 /* NewPostViewController.swift */,
				FA26A90525B029B000D2B806 /* NewPostPresenter.swift */,
				FA26A90B25B02C6800D2B806 /* NewPostRouter.swift */,
			);
			path = NewPost;
			sourceTree = "<group>";
		};
		FA2B46A025B5BD1100DC5C1D /* Login */ = {
			isa = PBXGroup;
			children = (
				FA2B46A125B5BD3200DC5C1D /* LoginViewController.swift */,
				FA2B46AE25B5D46500DC5C1D /* LoginRouter.swift */,
				FA2B46AB25B5CE2200DC5C1D /* LoginInteractor.swift */,
				FA2B46A725B5BDBE00DC5C1D /* LoginPresenter.swift */,
			);
			path = Login;
			sourceTree = "<group>";
		};
		FA33EDE025AC899A00637E3E /* Screens */ = {
			isa = PBXGroup;
			children = (
				FAF49F43260CA62A00199779 /* UserInfo */,
				FA9BFF3825C179F400ACA85F /* Profile */,
				FA7DD3FA25B6F8CA00CB1678 /* Register */,
				FA2B46A025B5BD1100DC5C1D /* Login */,
				FA26A8FF25B028DA00D2B806 /* NewPost */,
				FA396F5925F8EBB8009B79F5 /* Comments */,
				FA8DAD5D25AC263400E9D1B7 /* Lenta */,
			);
			path = Screens;
			sourceTree = "<group>";
		};
		FA33EDE125AC8A1000637E3E /* Services */ = {
			isa = PBXGroup;
			children = (
				FA0A1DFB2624844B0061524D /* ImagePicker.swift */,
				FA2B469B25B5706400DC5C1D /* StoreManager.swift */,
				FA33EDE325AC8A5D00637E3E /* NetworkManager.swift */,
			);
			path = Services;
			sourceTree = "<group>";
		};
		FA396F5925F8EBB8009B79F5 /* Comments */ = {
			isa = PBXGroup;
			children = (
				FA396F5D25F8F230009B79F5 /* CommentsViewController.swift */,
				FA396F5A25F8EBF9009B79F5 /* CommentsPresenter.swift */,
				FA396F6225F8F435009B79F5 /* CommentsInteractor.swift */,
				FA396F6825F8FC8E009B79F5 /* CommentsRouter.swift */,
				FA396F5E25F8F230009B79F5 /* CommentsViewController.xib */,
				FA8A308125FA443200A02751 /* PostCell */,
				FA396F6B25F8FF27009B79F5 /* CommentCell */,
			);
			path = Comments;
			sourceTree = "<group>";
		};
		FA396F6B25F8FF27009B79F5 /* CommentCell */ = {
			isa = PBXGroup;
			children = (
				FA396F6C25F8FF5E009B79F5 /* CommentCell.swift */,
				FA396F6D25F8FF5E009B79F5 /* CommentCell.xib */,
			);
			path = CommentCell;
			sourceTree = "<group>";
		};
		FA39ECD525C02D7800C52D1E /* Models */ = {
			isa = PBXGroup;
			children = (
				FAC2073125AC5FE300CD9099 /* Response.swift */,
				FA0285ED25B1D1FE0082B17D /* CurrentUser.swift */,
				FA26A90E25B0543200D2B806 /* SendPost.swift */,
				FAC2073E25AC689F00CD9099 /* PostViewModel.swift */,
				FA396F6525F8FACC009B79F5 /* CommentViewModel.swift */,
				FAD65F3E25EF9C2400EEC9B6 /* CurrentUserModel.swift */,
			);
			path = Models;
			sourceTree = "<group>";
		};
		FA7DD3FA25B6F8CA00CB1678 /* Register */ = {
			isa = PBXGroup;
			children = (
				FA7DD3FB25B6F8F600CB1678 /* RegisterViewController.swift */,
				FA7DD40425B709A400CB1678 /* RegisterPresenter.swift */,
				FA7DD40725B71F3600CB1678 /* RegisterInteractor.swift */,
				FA7DD40125B7006500CB1678 /* RegisterRouter.swift */,
			);
			path = Register;
			sourceTree = "<group>";
		};
		FA8A308125FA443200A02751 /* PostCell */ = {
			isa = PBXGroup;
			children = (
				FA8A308225FA448C00A02751 /* PostCell.swift */,
				FA8A308325FA448C00A02751 /* PostCell.xib */,
			);
			path = PostCell;
			sourceTree = "<group>";
		};
		FA8DAD3525AC24E600E9D1B7 = {
			isa = PBXGroup;
			children = (
				FA8DAD4025AC24E600E9D1B7 /* Lenta */,
				FA8DAD3F25AC24E600E9D1B7 /* Products */,
			);
			sourceTree = "<group>";
		};
		FA8DAD3F25AC24E600E9D1B7 /* Products */ = {
			isa = PBXGroup;
			children = (
				FA8DAD3E25AC24E600E9D1B7 /* Lenta.app */,
			);
			name = Products;
			sourceTree = "<group>";
		};
		FA8DAD4025AC24E600E9D1B7 /* Lenta */ = {
			isa = PBXGroup;
			children = (
				FAC2073425AC616900CD9099 /* Assembly.swift */,
				FA39E5A425F7B15E00F274FF /* WebImageView.swift */,
				FA39ECD525C02D7800C52D1E /* Models */,
				FA33EDE025AC899A00637E3E /* Screens */,
				FA1BB71E25DA5673008F56B9 /* Extensions */,
				FA33EDE125AC8A1000637E3E /* Services */,
				FA8DAD4125AC24E600E9D1B7 /* AppDelegate.swift */,
				FA8DAD4A25AC24F000E9D1B7 /* Assets.xcassets */,
				FA8DAD4C25AC24F000E9D1B7 /* LaunchScreen.storyboard */,
				FA8DAD4F25AC24F000E9D1B7 /* Info.plist */,
			);
			path = Lenta;
			sourceTree = "<group>";
		};
		FA8DAD5D25AC263400E9D1B7 /* Lenta */ = {
			isa = PBXGroup;
			children = (
				FAC2072625AC31F400CD9099 /* LentaViewController.swift */,
				FAC2073725AC61A500CD9099 /* LentaPresenter.swift */,
				FAC2073A25AC61B200CD9099 /* LentaInteractor.swift */,
				FAC2074325AC6C6E00CD9099 /* LentaRouter.swift */,
				FAC2072B25AC3AC600CD9099 /* LentaCell */,
			);
			path = Lenta;
			sourceTree = "<group>";
		};
		FA9BFF3825C179F400ACA85F /* Profile */ = {
			isa = PBXGroup;
			children = (
				FA9BFF3925C17A0D00ACA85F /* ProfileViewController.swift */,
				FA9BFF3F25C17F4500ACA85F /* ProfilePresenter.swift */,
				FA9BFF4225C1825300ACA85F /* ProfileRouter.swift */,
			);
			path = Profile;
			sourceTree = "<group>";
		};
		FAC2072B25AC3AC600CD9099 /* LentaCell */ = {
			isa = PBXGroup;
			children = (
				FA6385CA264D699B006961D0 /* LentaCell.swift */,
			);
			path = LentaCell;
			sourceTree = "<group>";
		};
		FAF49F43260CA62A00199779 /* UserInfo */ = {
			isa = PBXGroup;
			children = (
				FAF49F44260CA71C00199779 /* UserInfoViewController.swift */,
			);
			path = UserInfo;
			sourceTree = "<group>";
		};
/* End PBXGroup section */

/* Begin PBXNativeTarget section */
		FA8DAD3D25AC24E600E9D1B7 /* Lenta */ = {
			isa = PBXNativeTarget;
			buildConfigurationList = FA8DAD5225AC24F000E9D1B7 /* Build configuration list for PBXNativeTarget "Lenta" */;
			buildPhases = (
				FA8DAD3A25AC24E600E9D1B7 /* Sources */,
				FA8DAD3B25AC24E600E9D1B7 /* Frameworks */,
				FA8DAD3C25AC24E600E9D1B7 /* Resources */,
			);
			buildRules = (
			);
			dependencies = (
			);
			name = Lenta;
			packageProductDependencies = (
			);
			productName = Lenta;
			productReference = FA8DAD3E25AC24E600E9D1B7 /* Lenta.app */;
			productType = "com.apple.product-type.application";
		};
/* End PBXNativeTarget section */

/* Begin PBXProject section */
		FA8DAD3625AC24E600E9D1B7 /* Project object */ = {
			isa = PBXProject;
			attributes = {
				LastSwiftUpdateCheck = 1220;
				LastUpgradeCheck = 1220;
				TargetAttributes = {
					FA8DAD3D25AC24E600E9D1B7 = {
						CreatedOnToolsVersion = 12.2;
					};
				};
			};
			buildConfigurationList = FA8DAD3925AC24E600E9D1B7 /* Build configuration list for PBXProject "Lenta" */;
			compatibilityVersion = "Xcode 9.3";
			developmentRegion = en;
			hasScannedForEncodings = 0;
			knownRegions = (
				en,
				Base,
			);
			mainGroup = FA8DAD3525AC24E600E9D1B7;
			packageReferences = (
			);
			productRefGroup = FA8DAD3F25AC24E600E9D1B7 /* Products */;
			projectDirPath = "";
			projectRoot = "";
			targets = (
				FA8DAD3D25AC24E600E9D1B7 /* Lenta */,
			);
		};
/* End PBXProject section */

/* Begin PBXResourcesBuildPhase section */
		FA8DAD3C25AC24E600E9D1B7 /* Resources */ = {
			isa = PBXResourcesBuildPhase;
			buildActionMask = 2147483647;
			files = (
				FA396F6025F8F230009B79F5 /* CommentsViewController.xib in Resources */,
				FA8DAD4E25AC24F000E9D1B7 /* LaunchScreen.storyboard in Resources */,
				FA8A308525FA448C00A02751 /* PostCell.xib in Resources */,
				FA396F6F25F8FF5E009B79F5 /* CommentCell.xib in Resources */,
				FA8DAD4B25AC24F000E9D1B7 /* Assets.xcassets in Resources */,
			);
			runOnlyForDeploymentPostprocessing = 0;
		};
/* End PBXResourcesBuildPhase section */

/* Begin PBXSourcesBuildPhase section */
		FA8DAD3A25AC24E600E9D1B7 /* Sources */ = {
			isa = PBXSourcesBuildPhase;
			buildActionMask = 2147483647;
			files = (
				FA0A1DFC2624844B0061524D /* ImagePicker.swift in Sources */,
				FA6385CB264D699B006961D0 /* LentaCell.swift in Sources */,
				FA26A90C25B02C6800D2B806 /* NewPostRouter.swift in Sources */,
				FA33EDE425AC8A5D00637E3E /* NetworkManager.swift in Sources */,
				FA39E5A525F7B15E00F274FF /* WebImageView.swift in Sources */,
				FA2B46AC25B5CE2200DC5C1D /* LoginInteractor.swift in Sources */,
				FAC2072825AC31F400CD9099 /* LentaViewController.swift in Sources */,
				FAC2073525AC616900CD9099 /* Assembly.swift in Sources */,
				FA7DD40225B7006500CB1678 /* RegisterRouter.swift in Sources */,
				FA2B46A325B5BD3200DC5C1D /* LoginViewController.swift in Sources */,
				FA2B46A825B5BDBE00DC5C1D /* LoginPresenter.swift in Sources */,
				FA396F5B25F8EBF9009B79F5 /* CommentsPresenter.swift in Sources */,
				FA396F6325F8F435009B79F5 /* CommentsInteractor.swift in Sources */,
				FA8DAD4225AC24E600E9D1B7 /* AppDelegate.swift in Sources */,
				FAD65F3F25EF9C2400EEC9B6 /* CurrentUserModel.swift in Sources */,
				FA2B46AF25B5D46500DC5C1D /* LoginRouter.swift in Sources */,
				FA26A90225B0290900D2B806 /* NewPostViewController.swift in Sources */,
				FA9BFF3B25C17A0D00ACA85F /* ProfileViewController.swift in Sources */,
				FA0285EE25B1D1FE0082B17D /* CurrentUser.swift in Sources */,
				FA396F6625F8FACC009B79F5 /* CommentViewModel.swift in Sources */,
				FA396F6925F8FC8E009B79F5 /* CommentsRouter.swift in Sources */,
				FAC2073225AC5FE300CD9099 /* Response.swift in Sources */,
				FA7DD3FD25B6F8F600CB1678 /* RegisterViewController.swift in Sources */,
				FA26A90F25B0543300D2B806 /* SendPost.swift in Sources */,
				FA8A308425FA448C00A02751 /* PostCell.swift in Sources */,
				FA396F6E25F8FF5E009B79F5 /* CommentCell.swift in Sources */,
				FA1BB72025DA56A7008F56B9 /* TimeInterval.swift in Sources */,
				FAC2073F25AC689F00CD9099 /* PostViewModel.swift in Sources */,
				FA9BFF4325C1825300ACA85F /* ProfileRouter.swift in Sources */,
				FA26A90625B029B000D2B806 /* NewPostPresenter.swift in Sources */,
				FAC2073825AC61A500CD9099 /* LentaPresenter.swift in Sources */,
				FA7DD40525B709A400CB1678 /* RegisterPresenter.swift in Sources */,
				FA9BFF4025C17F4500ACA85F /* ProfilePresenter.swift in Sources */,
				FA2B469C25B5706400DC5C1D /* StoreManager.swift in Sources */,
				FA396F5F25F8F230009B79F5 /* CommentsViewController.swift in Sources */,
				FA7DD40825B71F3600CB1678 /* RegisterInteractor.swift in Sources */,
				FAC2073B25AC61B200CD9099 /* LentaInteractor.swift in Sources */,
				FAC2074425AC6C6E00CD9099 /* LentaRouter.swift in Sources */,
				FAF49F45260CA71C00199779 /* UserInfoViewController.swift in Sources */,
			);
			runOnlyForDeploymentPostprocessing = 0;
		};
/* End PBXSourcesBuildPhase section */

/* Begin PBXVariantGroup section */
		FA8DAD4C25AC24F000E9D1B7 /* LaunchScreen.storyboard */ = {
			isa = PBXVariantGroup;
			children = (
				FA8DAD4D25AC24F000E9D1B7 /* Base */,
			);
			name = LaunchScreen.storyboard;
			sourceTree = "<group>";
		};
/* End PBXVariantGroup section */

/* Begin XCBuildConfiguration section */
		FA8DAD5025AC24F000E9D1B7 /* Debug */ = {
			isa = XCBuildConfiguration;
			buildSettings = {
				ALWAYS_SEARCH_USER_PATHS = NO;
				CLANG_ANALYZER_NONNULL = YES;
				CLANG_ANALYZER_NUMBER_OBJECT_CONVERSION = YES_AGGRESSIVE;
				CLANG_CXX_LANGUAGE_STANDARD = "gnu++14";
				CLANG_CXX_LIBRARY = "libc++";
				CLANG_ENABLE_MODULES = YES;
				CLANG_ENABLE_OBJC_ARC = YES;
				CLANG_ENABLE_OBJC_WEAK = YES;
				CLANG_WARN_BLOCK_CAPTURE_AUTORELEASING = YES;
				CLANG_WARN_BOOL_CONVERSION = YES;
				CLANG_WARN_COMMA = YES;
				CLANG_WARN_CONSTANT_CONVERSION = YES;
				CLANG_WARN_DEPRECATED_OBJC_IMPLEMENTATIONS = YES;
				CLANG_WARN_DIRECT_OBJC_ISA_USAGE = YES_ERROR;
				CLANG_WARN_DOCUMENTATION_COMMENTS = YES;
				CLANG_WARN_EMPTY_BODY = YES;
				CLANG_WARN_ENUM_CONVERSION = YES;
				CLANG_WARN_INFINITE_RECURSION = YES;
				CLANG_WARN_INT_CONVERSION = YES;
				CLANG_WARN_NON_LITERAL_NULL_CONVERSION = YES;
				CLANG_WARN_OBJC_IMPLICIT_RETAIN_SELF = YES;
				CLANG_WARN_OBJC_LITERAL_CONVERSION = YES;
				CLANG_WARN_OBJC_ROOT_CLASS = YES_ERROR;
				CLANG_WARN_QUOTED_INCLUDE_IN_FRAMEWORK_HEADER = YES;
				CLANG_WARN_RANGE_LOOP_ANALYSIS = YES;
				CLANG_WARN_STRICT_PROTOTYPES = YES;
				CLANG_WARN_SUSPICIOUS_MOVE = YES;
				CLANG_WARN_UNGUARDED_AVAILABILITY = YES_AGGRESSIVE;
				CLANG_WARN_UNREACHABLE_CODE = YES;
				CLANG_WARN__DUPLICATE_METHOD_MATCH = YES;
				COPY_PHASE_STRIP = NO;
				DEBUG_INFORMATION_FORMAT = dwarf;
				ENABLE_STRICT_OBJC_MSGSEND = YES;
				ENABLE_TESTABILITY = YES;
				GCC_C_LANGUAGE_STANDARD = gnu11;
				GCC_DYNAMIC_NO_PIC = NO;
				GCC_NO_COMMON_BLOCKS = YES;
				GCC_OPTIMIZATION_LEVEL = 0;
				GCC_PREPROCESSOR_DEFINITIONS = (
					"DEBUG=1",
					"$(inherited)",
				);
				GCC_WARN_64_TO_32_BIT_CONVERSION = YES;
				GCC_WARN_ABOUT_RETURN_TYPE = YES_ERROR;
				GCC_WARN_UNDECLARED_SELECTOR = YES;
				GCC_WARN_UNINITIALIZED_AUTOS = YES_AGGRESSIVE;
				GCC_WARN_UNUSED_FUNCTION = YES;
				GCC_WARN_UNUSED_VARIABLE = YES;
				IPHONEOS_DEPLOYMENT_TARGET = 14.2;
				MTL_ENABLE_DEBUG_INFO = INCLUDE_SOURCE;
				MTL_FAST_MATH = YES;
				ONLY_ACTIVE_ARCH = YES;
				SDKROOT = iphoneos;
				SWIFT_ACTIVE_COMPILATION_CONDITIONS = DEBUG;
				SWIFT_OPTIMIZATION_LEVEL = "-Onone";
			};
			name = Debug;
		};
		FA8DAD5125AC24F000E9D1B7 /* Release */ = {
			isa = XCBuildConfiguration;
			buildSettings = {
				ALWAYS_SEARCH_USER_PATHS = NO;
				CLANG_ANALYZER_NONNULL = YES;
				CLANG_ANALYZER_NUMBER_OBJECT_CONVERSION = YES_AGGRESSIVE;
				CLANG_CXX_LANGUAGE_STANDARD = "gnu++14";
				CLANG_CXX_LIBRARY = "libc++";
				CLANG_ENABLE_MODULES = YES;
				CLANG_ENABLE_OBJC_ARC = YES;
				CLANG_ENABLE_OBJC_WEAK = YES;
				CLANG_WARN_BLOCK_CAPTURE_AUTORELEASING = YES;
				CLANG_WARN_BOOL_CONVERSION = YES;
				CLANG_WARN_COMMA = YES;
				CLANG_WARN_CONSTANT_CONVERSION = YES;
				CLANG_WARN_DEPRECATED_OBJC_IMPLEMENTATIONS = YES;
				CLANG_WARN_DIRECT_OBJC_ISA_USAGE = YES_ERROR;
				CLANG_WARN_DOCUMENTATION_COMMENTS = YES;
				CLANG_WARN_EMPTY_BODY = YES;
				CLANG_WARN_ENUM_CONVERSION = YES;
				CLANG_WARN_INFINITE_RECURSION = YES;
				CLANG_WARN_INT_CONVERSION = YES;
				CLANG_WARN_NON_LITERAL_NULL_CONVERSION = YES;
				CLANG_WARN_OBJC_IMPLICIT_RETAIN_SELF = YES;
				CLANG_WARN_OBJC_LITERAL_CONVERSION = YES;
				CLANG_WARN_OBJC_ROOT_CLASS = YES_ERROR;
				CLANG_WARN_QUOTED_INCLUDE_IN_FRAMEWORK_HEADER = YES;
				CLANG_WARN_RANGE_LOOP_ANALYSIS = YES;
				CLANG_WARN_STRICT_PROTOTYPES = YES;
				CLANG_WARN_SUSPICIOUS_MOVE = YES;
				CLANG_WARN_UNGUARDED_AVAILABILITY = YES_AGGRESSIVE;
				CLANG_WARN_UNREACHABLE_CODE = YES;
				CLANG_WARN__DUPLICATE_METHOD_MATCH = YES;
				COPY_PHASE_STRIP = NO;
				DEBUG_INFORMATION_FORMAT = "dwarf-with-dsym";
				ENABLE_NS_ASSERTIONS = NO;
				ENABLE_STRICT_OBJC_MSGSEND = YES;
				GCC_C_LANGUAGE_STANDARD = gnu11;
				GCC_NO_COMMON_BLOCKS = YES;
				GCC_WARN_64_TO_32_BIT_CONVERSION = YES;
				GCC_WARN_ABOUT_RETURN_TYPE = YES_ERROR;
				GCC_WARN_UNDECLARED_SELECTOR = YES;
				GCC_WARN_UNINITIALIZED_AUTOS = YES_AGGRESSIVE;
				GCC_WARN_UNUSED_FUNCTION = YES;
				GCC_WARN_UNUSED_VARIABLE = YES;
				IPHONEOS_DEPLOYMENT_TARGET = 14.2;
				MTL_ENABLE_DEBUG_INFO = NO;
				MTL_FAST_MATH = YES;
				SDKROOT = iphoneos;
				SWIFT_COMPILATION_MODE = wholemodule;
				SWIFT_OPTIMIZATION_LEVEL = "-O";
				VALIDATE_PRODUCT = YES;
			};
			name = Release;
		};
		FA8DAD5325AC24F000E9D1B7 /* Debug */ = {
			isa = XCBuildConfiguration;
			buildSettings = {
				ASSETCATALOG_COMPILER_APPICON_NAME = AppIcon;
				ASSETCATALOG_COMPILER_GLOBAL_ACCENT_COLOR_NAME = AccentColor;
				CODE_SIGN_IDENTITY = "Apple Development";
				CODE_SIGN_STYLE = Automatic;
				DEVELOPMENT_TEAM = PSSGUD5C34;
				INFOPLIST_FILE = Lenta/Info.plist;
				IPHONEOS_DEPLOYMENT_TARGET = 13.5;
				LD_RUNPATH_SEARCH_PATHS = (
					"$(inherited)",
					"@executable_path/Frameworks",
				);
				PRODUCT_BUNDLE_IDENTIFIER = home.Lenta;
				PRODUCT_NAME = "$(TARGET_NAME)";
				PROVISIONING_PROFILE_SPECIFIER = "";
				SWIFT_VERSION = 5.0;
				TARGETED_DEVICE_FAMILY = 1;
			};
			name = Debug;
		};
		FA8DAD5425AC24F000E9D1B7 /* Release */ = {
			isa = XCBuildConfiguration;
			buildSettings = {
				ASSETCATALOG_COMPILER_APPICON_NAME = AppIcon;
				ASSETCATALOG_COMPILER_GLOBAL_ACCENT_COLOR_NAME = AccentColor;
				CODE_SIGN_IDENTITY = "Apple Development";
				CODE_SIGN_STYLE = Automatic;
				DEVELOPMENT_TEAM = PSSGUD5C34;
				INFOPLIST_FILE = Lenta/Info.plist;
				IPHONEOS_DEPLOYMENT_TARGET = 13.5;
				LD_RUNPATH_SEARCH_PATHS = (
					"$(inherited)",
					"@executable_path/Frameworks",
				);
				PRODUCT_BUNDLE_IDENTIFIER = home.Lenta;
				PRODUCT_NAME = "$(TARGET_NAME)";
				PROVISIONING_PROFILE_SPECIFIER = "";
				SWIFT_VERSION = 5.0;
				TARGETED_DEVICE_FAMILY = 1;
			};
			name = Release;
		};
/* End XCBuildConfiguration section */

/* Begin XCConfigurationList section */
		FA8DAD3925AC24E600E9D1B7 /* Build configuration list for PBXProject "Lenta" */ = {
			isa = XCConfigurationList;
			buildConfigurations = (
				FA8DAD5025AC24F000E9D1B7 /* Debug */,
				FA8DAD5125AC24F000E9D1B7 /* Release */,
			);
			defaultConfigurationIsVisible = 0;
			defaultConfigurationName = Release;
		};
		FA8DAD5225AC24F000E9D1B7 /* Build configuration list for PBXNativeTarget "Lenta" */ = {
			isa = XCConfigurationList;
			buildConfigurations = (
				FA8DAD5325AC24F000E9D1B7 /* Debug */,
				FA8DAD5425AC24F000E9D1B7 /* Release */,
			);
			defaultConfigurationIsVisible = 0;
			defaultConfigurationName = Release;
		};
/* End XCConfigurationList section */
	};
	rootObject = FA8DAD3625AC24E600E9D1B7 /* Project object */;
}
